
Microsoft Visual Studio Solution File, Format Version 12.00
# Visual Studio 15
VisualStudioVersion = 15.0.28307.852
MinimumVisualStudioVersion = 10.0.40219.1
Project("{8BC9CEB8-8B4A-11D0-8D11-00A0C91BC942}") = "Lab1", "Lab1\Lab1.vcxproj", "{EFA20C43-B536-4C89-AE75-E9A40470FFEC}"
EndProject
Global
	GlobalSection(SolutionConfigurationPlatforms) = preSolution
		Debug|x64 = Debug|x64
		Debug|x86 = Debug|x86
		Release|x64 = Release|x64
		Release|x86 = Release|x86
	EndGlobalSection
	GlobalSection(ProjectConfigurationPlatforms) = postSolution
		{EFA20C43-B536-4C89-AE75-E9A40470FFEC}.Debug|x64.ActiveCfg = Debug|x64
		{EFA20C43-B536-4C89-AE75-E9A40470FFEC}.Debug|x64.Build.0 = Debug|x64
		{EFA20C43-B536-4C89-AE75-E9A40470FFEC}.Debug|x86.ActiveCfg = Debug|Win32
		{EFA20C43-B536-4C89-AE75-E9A40470FFEC}.Debug|x86.Build.0 = Debug|Win32
		{EFA20C43-B536-4C89-AE75-E9A40470FFEC}.Release|x64.ActiveCfg = Release|x64
		{EFA20C43-B536-4C89-AE75-E9A40470FFEC}.Release|x64.Build.0 = Release|x64
		{EFA20C43-B536-4C89-AE75-E9A40470FFEC}.Release|x86.ActiveCfg = Release|Win32
		{EFA20C43-B536-4C89-AE75-E9A40470FFEC}.Release|x86.Build.0 = Release|Win32
	EndGlobalSection
	GlobalSection(SolutionProperties) = preSolution
		HideSolutionNode = FALSE
	EndGlobalSection
	GlobalSection(ExtensibilityGlobals) = postSolution
		SolutionGuid = {C11570B9-A7D8-4AEA-A19E-CF4BFA8DC058}
	EndGlobalSection
EndGlobal
